
Microsoft Visual Studio Solution File, Format Version 12.00
# Visual Studio 15
VisualStudioVersion = 15.0.28307.2092
MinimumVisualStudioVersion = 10.0.40219.1
Project("{FAE04EC0-301F-11D3-BF4B-00C04F79EFBC}") = "DataAccessLib", "DataAccessLib\DataAccessLib.csproj", "{3BF5BC5F-1F00-4C31-8AC7-06DC38E906A6}"
EndProject
Project("{FAE04EC0-301F-11D3-BF4B-00C04F79EFBC}") = "EmployeeApp", "EmployeeApp\EmployeeApp.csproj", "{479B165D-C327-4ABA-9484-B2012CB6593E}"
EndProject
Project("{FAE04EC0-301F-11D3-BF4B-00C04F79EFBC}") = "RecapConsoleApp", "RecapConsoleApp\RecapConsoleApp.csproj", "{24D6BFF3-3802-40FE-9A88-CC7FEFEB42C1}"
EndProject
Global
	GlobalSection(SolutionConfigurationPlatforms) = preSolution
		Debug|Any CPU = Debug|Any CPU
		Release|Any CPU = Release|Any CPU
	EndGlobalSection
	GlobalSection(ProjectConfigurationPlatforms) = postSolution
		{3BF5BC5F-1F00-4C31-8AC7-06DC38E906A6}.Debug|Any CPU.ActiveCfg = Debug|Any CPU
		{3BF5BC5F-1F00-4C31-8AC7-06DC38E906A6}.Debug|Any CPU.Build.0 = Debug|Any CPU
		{3BF5BC5F-1F00-4C31-8AC7-06DC38E906A6}.Release|Any CPU.ActiveCfg = Release|Any CPU
		{3BF5BC5F-1F00-4C31-8AC7-06DC38E906A6}.Release|Any CPU.Build.0 = Release|Any CPU
		{479B165D-C327-4ABA-9484-B2012CB6593E}.Debug|Any CPU.ActiveCfg = Debug|Any CPU
		{479B165D-C327-4ABA-9484-B2012CB6593E}.Debug|Any CPU.Build.0 = Debug|Any CPU
		{479B165D-C327-4ABA-9484-B2012CB6593E}.Release|Any CPU.ActiveCfg = Release|Any CPU
		{479B165D-C327-4ABA-9484-B2012CB6593E}.Release|Any CPU.Build.0 = Release|Any CPU
		{24D6BFF3-3802-40FE-9A88-CC7FEFEB42C1}.Debug|Any CPU.ActiveCfg = Debug|Any CPU
		{24D6BFF3-3802-40FE-9A88-CC7FEFEB42C1}.Debug|Any CPU.Build.0 = Debug|Any CPU
		{24D6BFF3-3802-40FE-9A88-CC7FEFEB42C1}.Release|Any CPU.ActiveCfg = Release|Any CPU
		{24D6BFF3-3802-40FE-9A88-CC7FEFEB42C1}.Release|Any CPU.Build.0 = Release|Any CPU
	EndGlobalSection
	GlobalSection(SolutionProperties) = preSolution
		HideSolutionNode = FALSE
	EndGlobalSection
	GlobalSection(ExtensibilityGlobals) = postSolution
		SolutionGuid = {A60FA06D-C541-4F43-AD06-EF78EB7D4AC3}
	EndGlobalSection
EndGlobal
