
Microsoft Visual Studio Solution File, Format Version 12.00
# Visual Studio 15
VisualStudioVersion = 15.0.28307.2092
MinimumVisualStudioVersion = 10.0.40219.1
Project("{FAE04EC0-301F-11D3-BF4B-00C04F79EFBC}") = "LoginApp", "LoginApp\LoginApp.csproj", "{4ACF3815-0210-43B4-8B62-89AB46747EEF}"
EndProject
Global
	GlobalSection(SolutionConfigurationPlatforms) = preSolution
		Debug|Any CPU = Debug|Any CPU
		Release|Any CPU = Release|Any CPU
	EndGlobalSection
	GlobalSection(ProjectConfigurationPlatforms) = postSolution
		{4ACF3815-0210-43B4-8B62-89AB46747EEF}.Debug|Any CPU.ActiveCfg = Debug|Any CPU
		{4ACF3815-0210-43B4-8B62-89AB46747EEF}.Debug|Any CPU.Build.0 = Debug|Any CPU
		{4ACF3815-0210-43B4-8B62-89AB46747EEF}.Release|Any CPU.ActiveCfg = Release|Any CPU
		{4ACF3815-0210-43B4-8B62-89AB46747EEF}.Release|Any CPU.Build.0 = Release|Any CPU
	EndGlobalSection
	GlobalSection(SolutionProperties) = preSolution
		HideSolutionNode = FALSE
	EndGlobalSection
	GlobalSection(ExtensibilityGlobals) = postSolution
		SolutionGuid = {E1F6A9A3-3FC6-4741-B996-829462222973}
	EndGlobalSection
EndGlobal
